
Microsoft Visual Studio Solution File, Format Version 12.00
# Visual Studio Version 16
VisualStudioVersion = 16.0.30114.105
MinimumVisualStudioVersion = 10.0.40219.1
Project("{FAE04EC0-301F-11D3-BF4B-00C04F79EFBC}") = "AvaloniaInside.Shell", "AvaloniaInside.Shell\AvaloniaInside.Shell.csproj", "{35BD513E-5EE1-4B85-BEE3-FEC0C90B8571}"
EndProject
Global
	GlobalSection(SolutionConfigurationPlatforms) = preSolution
		Debug|Any CPU = Debug|Any CPU
		Release|Any CPU = Release|Any CPU
	EndGlobalSection
	GlobalSection(SolutionProperties) = preSolution
		HideSolutionNode = FALSE
	EndGlobalSection
	GlobalSection(ProjectConfigurationPlatforms) = postSolution
		{35BD513E-5EE1-4B85-BEE3-FEC0C90B8571}.Debug|Any CPU.ActiveCfg = Debug|Any CPU
		{35BD513E-5EE1-4B85-BEE3-FEC0C90B8571}.Debug|Any CPU.Build.0 = Debug|Any CPU
		{35BD513E-5EE1-4B85-BEE3-FEC0C90B8571}.Release|Any CPU.ActiveCfg = Release|Any CPU
		{35BD513E-5EE1-4B85-BEE3-FEC0C90B8571}.Release|Any CPU.Build.0 = Release|Any CPU
	EndGlobalSection
EndGlobal
